
Microsoft Visual Studio Solution File, Format Version 12.00
# Visual Studio Version 17
VisualStudioVersion = 17.13.35806.99 d17.13
MinimumVisualStudioVersion = 10.0.40219.1
Project("{FAE04EC0-301F-11D3-BF4B-00C04F79EFBC}") = "DemoServer", "DemoServer\DemoServer.csproj", "{0AAD156D-B78A-41CA-B348-7A636ACB2131}"
EndProject
Project("{FAE04EC0-301F-11D3-BF4B-00C04F79EFBC}") = "DemoClient", "DemoClient\DemoClient.csproj", "{BB4C43B7-DB10-4A05-B4CB-A7CA91632978}"
EndProject
Global
	GlobalSection(SolutionConfigurationPlatforms) = preSolution
		Debug|Any CPU = Debug|Any CPU
		Release|Any CPU = Release|Any CPU
	EndGlobalSection
	GlobalSection(ProjectConfigurationPlatforms) = postSolution
		{0AAD156D-B78A-41CA-B348-7A636ACB2131}.Debug|Any CPU.ActiveCfg = Debug|Any CPU
		{0AAD156D-B78A-41CA-B348-7A636ACB2131}.Debug|Any CPU.Build.0 = Debug|Any CPU
		{0AAD156D-B78A-41CA-B348-7A636ACB2131}.Release|Any CPU.ActiveCfg = Release|Any CPU
		{0AAD156D-B78A-41CA-B348-7A636ACB2131}.Release|Any CPU.Build.0 = Release|Any CPU
		{BB4C43B7-DB10-4A05-B4CB-A7CA91632978}.Debug|Any CPU.ActiveCfg = Debug|Any CPU
		{BB4C43B7-DB10-4A05-B4CB-A7CA91632978}.Debug|Any CPU.Build.0 = Debug|Any CPU
		{BB4C43B7-DB10-4A05-B4CB-A7CA91632978}.Release|Any CPU.ActiveCfg = Release|Any CPU
		{BB4C43B7-DB10-4A05-B4CB-A7CA91632978}.Release|Any CPU.Build.0 = Release|Any CPU
	EndGlobalSection
	GlobalSection(SolutionProperties) = preSolution
		HideSolutionNode = FALSE
	EndGlobalSection
	GlobalSection(ExtensibilityGlobals) = postSolution
		SolutionGuid = {1B5039D2-EBB0-423A-B50D-48AD849DD587}
	EndGlobalSection
EndGlobal
